
Microsoft Visual Studio Solution File, Format Version 12.00
# Visual Studio 15
VisualStudioVersion = 15.0.28307.136
MinimumVisualStudioVersion = 10.0.40219.1
Project("{FAE04EC0-301F-11D3-BF4B-00C04F79EFBC}") = "DemoEmerson1", "DemoEmerson1\DemoEmerson1.csproj", "{290CD868-3516-43F9-A080-6B47B68EB5CF}"
EndProject
Global
	GlobalSection(SolutionConfigurationPlatforms) = preSolution
		Debug|Any CPU = Debug|Any CPU
		Release|Any CPU = Release|Any CPU
	EndGlobalSection
	GlobalSection(ProjectConfigurationPlatforms) = postSolution
		{290CD868-3516-43F9-A080-6B47B68EB5CF}.Debug|Any CPU.ActiveCfg = Debug|Any CPU
		{290CD868-3516-43F9-A080-6B47B68EB5CF}.Debug|Any CPU.Build.0 = Debug|Any CPU
		{290CD868-3516-43F9-A080-6B47B68EB5CF}.Release|Any CPU.ActiveCfg = Release|Any CPU
		{290CD868-3516-43F9-A080-6B47B68EB5CF}.Release|Any CPU.Build.0 = Release|Any CPU
	EndGlobalSection
	GlobalSection(SolutionProperties) = preSolution
		HideSolutionNode = FALSE
	EndGlobalSection
	GlobalSection(ExtensibilityGlobals) = postSolution
		SolutionGuid = {FE934279-2D1D-4BAA-B6EB-63196C21227D}
	EndGlobalSection
EndGlobal
